// !$*UTF8*$!
{
	archiveVersion = 1;
	classes = {
	};
	objectVersion = 50;
	objects = {

/* Begin PBXBuildFile section */
		EB009B5F22D622210053C784 /* AppDelegate.swift in Sources */ = {isa = PBXBuildFile; fileRef = EB009B5E22D622210053C784 /* AppDelegate.swift */; };
		EB009B6422D622210053C784 /* Main.storyboard in Resources */ = {isa = PBXBuildFile; fileRef = EB009B6222D622210053C784 /* Main.storyboard */; };
		EB009B6622D622220053C784 /* Assets.xcassets in Resources */ = {isa = PBXBuildFile; fileRef = EB009B6522D622220053C784 /* Assets.xcassets */; };
		EB009B6922D622220053C784 /* LaunchScreen.storyboard in Resources */ = {isa = PBXBuildFile; fileRef = EB009B6722D622220053C784 /* LaunchScreen.storyboard */; };
		EB009B7222D623DA0053C784 /* EmojiArtViewController.swift in Sources */ = {isa = PBXBuildFile; fileRef = EB009B7122D623DA0053C784 /* EmojiArtViewController.swift */; };
		EB009B7422D62B4D0053C784 /* EmojiArtView.swift in Sources */ = {isa = PBXBuildFile; fileRef = EB009B7322D62B4D0053C784 /* EmojiArtView.swift */; };
		EB009B7622D634650053C784 /* Utilities.swift in Sources */ = {isa = PBXBuildFile; fileRef = EB009B7522D634650053C784 /* Utilities.swift */; };
		EB009B7822D741880053C784 /* EmojiArtDocumentTableViewController.swift in Sources */ = {isa = PBXBuildFile; fileRef = EB009B7722D741880053C784 /* EmojiArtDocumentTableViewController.swift */; };
		EB009B7A22D7658C0053C784 /* EmojiCollectionViewCell.swift in Sources */ = {isa = PBXBuildFile; fileRef = EB009B7922D7658C0053C784 /* EmojiCollectionViewCell.swift */; };
		EB009BB822DCCBAF0053C784 /* DocumentInfoViewController.swift in Sources */ = {isa = PBXBuildFile; fileRef = EB009BB722DCCBAF0053C784 /* DocumentInfoViewController.swift */; };
/* End PBXBuildFile section */

/* Begin PBXFileReference section */
		EB009B5B22D622210053C784 /* EmojiArt.app */ = {isa = PBXFileReference; explicitFileType = wrapper.application; includeInIndex = 0; path = EmojiArt.app; sourceTree = BUILT_PRODUCTS_DIR; };
		EB009B5E22D622210053C784 /* AppDelegate.swift */ = {isa = PBXFileReference; lastKnownFileType = sourcecode.swift; path = AppDelegate.swift; sourceTree = "<group>"; };
		EB009B6322D622210053C784 /* Base */ = {isa = PBXFileReference; lastKnownFileType = file.storyboard; name = Base; path = Base.lproj/Main.storyboard; sourceTree = "<group>"; };
		EB009B6522D622220053C784 /* Assets.xcassets */ = {isa = PBXFileReference; lastKnownFileType = folder.assetcatalog; path = Assets.xcassets; sourceTree = "<group>"; };
		EB009B6822D622220053C784 /* Base */ = {isa = PBXFileReference; lastKnownFileType = file.storyboard; name = Base; path = Base.lproj/LaunchScreen.storyboard; sourceTree = "<group>"; };
		EB009B6A22D622220053C784 /* Info.plist */ = {isa = PBXFileReference; lastKnownFileType = text.plist.xml; path = Info.plist; sourceTree = "<group>"; };
		EB009B7122D623DA0053C784 /* EmojiArtViewController.swift */ = {isa = PBXFileReference; lastKnownFileType = sourcecode.swift; path = EmojiArtViewController.swift; sourceTree = "<group>"; };
		EB009B7322D62B4D0053C784 /* EmojiArtView.swift */ = {isa = PBXFileReference; lastKnownFileType = sourcecode.swift; path = EmojiArtView.swift; sourceTree = "<group>"; };
		EB009B7522D634650053C784 /* Utilities.swift */ = {isa = PBXFileReference; lastKnownFileType = sourcecode.swift; path = Utilities.swift; sourceTree = "<group>"; };
		EB009B7722D741880053C784 /* EmojiArtDocumentTableViewController.swift */ = {isa = PBXFileReference; lastKnownFileType = sourcecode.swift; path = EmojiArtDocumentTableViewController.swift; sourceTree = "<group>"; };
		EB009B7922D7658C0053C784 /* EmojiCollectionViewCell.swift */ = {isa = PBXFileReference; lastKnownFileType = sourcecode.swift; path = EmojiCollectionViewCell.swift; sourceTree = "<group>"; };
		EB009BB722DCCBAF0053C784 /* DocumentInfoViewController.swift */ = {isa = PBXFileReference; lastKnownFileType = sourcecode.swift; path = DocumentInfoViewController.swift; sourceTree = "<group>"; };
/* End PBXFileReference section */

/* Begin PBXFrameworksBuildPhase section */
		EB009B5822D622210053C784 /* Frameworks */ = {
			isa = PBXFrameworksBuildPhase;
			buildActionMask = 2147483647;
			files = (
			);
			runOnlyForDeploymentPostprocessing = 0;
		};
/* End PBXFrameworksBuildPhase section */

/* Begin PBXGroup section */
		EB009B5222D622210053C784 = {
			isa = PBXGroup;
			children = (
				EB009B5D22D622210053C784 /* EmojiArt */,
				EB009B5C22D622210053C784 /* Products */,
			);
			sourceTree = "<group>";
		};
		EB009B5C22D622210053C784 /* Products */ = {
			isa = PBXGroup;
			children = (
				EB009B5B22D622210053C784 /* EmojiArt.app */,
			);
			name = Products;
			sourceTree = "<group>";
		};
		EB009B5D22D622210053C784 /* EmojiArt */ = {
			isa = PBXGroup;
			children = (
				EB009B7122D623DA0053C784 /* EmojiArtViewController.swift */,
				EB009B7922D7658C0053C784 /* EmojiCollectionViewCell.swift */,
				EB009B6222D622210053C784 /* Main.storyboard */,
				EB009BB722DCCBAF0053C784 /* DocumentInfoViewController.swift */,
				EB009B7722D741880053C784 /* EmojiArtDocumentTableViewController.swift */,
				EB009B7322D62B4D0053C784 /* EmojiArtView.swift */,
				EB009B7522D634650053C784 /* Utilities.swift */,
				EB009B7022D6235C0053C784 /* Supporting Files */,
				EB009B6A22D622220053C784 /* Info.plist */,
			);
			path = EmojiArt;
			sourceTree = "<group>";
		};
		EB009B7022D6235C0053C784 /* Supporting Files */ = {
			isa = PBXGroup;
			children = (
				EB009B5E22D622210053C784 /* AppDelegate.swift */,
				EB009B6522D622220053C784 /* Assets.xcassets */,
				EB009B6722D622220053C784 /* LaunchScreen.storyboard */,
			);
			path = "Supporting Files";
			sourceTree = "<group>";
		};
/* End PBXGroup section */

/* Begin PBXNativeTarget section */
		EB009B5A22D622210053C784 /* EmojiArt */ = {
			isa = PBXNativeTarget;
			buildConfigurationList = EB009B6D22D622220053C784 /* Build configuration list for PBXNativeTarget "EmojiArt" */;
			buildPhases = (
				EB009B5722D622210053C784 /* Sources */,
				EB009B5822D622210053C784 /* Frameworks */,
				EB009B5922D622210053C784 /* Resources */,
			);
			buildRules = (
			);
			dependencies = (
			);
			name = EmojiArt;
			productName = EmojiArt;
			productReference = EB009B5B22D622210053C784 /* EmojiArt.app */;
			productType = "com.apple.product-type.application";
		};
/* End PBXNativeTarget section */

/* Begin PBXProject section */
		EB009B5322D622210053C784 /* Project object */ = {
			isa = PBXProject;
			attributes = {
				LastSwiftUpdateCheck = 1000;
				LastUpgradeCheck = 1000;
				ORGANIZATIONNAME = Owner;
				TargetAttributes = {
					EB009B5A22D622210053C784 = {
						CreatedOnToolsVersion = 10.0;
					};
				};
			};
			buildConfigurationList = EB009B5622D622210053C784 /* Build configuration list for PBXProject "EmojiArt" */;
			compatibilityVersion = "Xcode 9.3";
			developmentRegion = en;
			hasScannedForEncodings = 0;
			knownRegions = (
				en,
				Base,
			);
			mainGroup = EB009B5222D622210053C784;
			productRefGroup = EB009B5C22D622210053C784 /* Products */;
			projectDirPath = "";
			projectRoot = "";
			targets = (
				EB009B5A22D622210053C784 /* EmojiArt */,
			);
		};
/* End PBXProject section */

/* Begin PBXResourcesBuildPhase section */
		EB009B5922D622210053C784 /* Resources */ = {
			isa = PBXResourcesBuildPhase;
			buildActionMask = 2147483647;
			files = (
				EB009B6922D622220053C784 /* LaunchScreen.storyboard in Resources */,
				EB009B6622D622220053C784 /* Assets.xcassets in Resources */,
				EB009B6422D622210053C784 /* Main.storyboard in Resources */,
			);
			runOnlyForDeploymentPostprocessing = 0;
		};
/* End PBXResourcesBuildPhase section */

/* Begin PBXSourcesBuildPhase section */
		EB009B5722D622210053C784 /* Sources */ = {
			isa = PBXSourcesBuildPhase;
			buildActionMask = 2147483647;
			files = (
				EB009B5F22D622210053C784 /* AppDelegate.swift in Sources */,
				EB009B7A22D7658C0053C784 /* EmojiCollectionViewCell.swift in Sources */,
				EB009B7222D623DA0053C784 /* EmojiArtViewController.swift in Sources */,
				EB009B7622D634650053C784 /* Utilities.swift in Sources */,
				EB009B7822D741880053C784 /* EmojiArtDocumentTableViewController.swift in Sources */,
				EB009BB822DCCBAF0053C784 /* DocumentInfoViewController.swift in Sources */,
				EB009B7422D62B4D0053C784 /* EmojiArtView.swift in Sources */,
			);
			runOnlyForDeploymentPostprocessing = 0;
		};
/* End PBXSourcesBuildPhase section */

/* Begin PBXVariantGroup section */
		EB009B6222D622210053C784 /* Main.storyboard */ = {
			isa = PBXVariantGroup;
			children = (
				EB009B6322D622210053C784 /* Base */,
			);
			name = Main.storyboard;
			sourceTree = "<group>";
		};
		EB009B6722D622220053C784 /* LaunchScreen.storyboard */ = {
			isa = PBXVariantGroup;
			children = (
				EB009B6822D622220053C784 /* Base */,
			);
			name = LaunchScreen.storyboard;
			sourceTree = "<group>";
		};
/* End PBXVariantGroup section */

/* Begin XCBuildConfiguration section */
		EB009B6B22D622220053C784 /* Debug */ = {
			isa = XCBuildConfiguration;
			buildSettings = {
				ALWAYS_SEARCH_USER_PATHS = NO;
				CLANG_ANALYZER_NONNULL = YES;
				CLANG_ANALYZER_NUMBER_OBJECT_CONVERSION = YES_AGGRESSIVE;
				CLANG_CXX_LANGUAGE_STANDARD = "gnu++14";
				CLANG_CXX_LIBRARY = "libc++";
				CLANG_ENABLE_MODULES = YES;
				CLANG_ENABLE_OBJC_ARC = YES;
				CLANG_ENABLE_OBJC_WEAK = YES;
				CLANG_WARN_BLOCK_CAPTURE_AUTORELEASING = YES;
				CLANG_WARN_BOOL_CONVERSION = YES;
				CLANG_WARN_COMMA = YES;
				CLANG_WARN_CONSTANT_CONVERSION = YES;
				CLANG_WARN_DEPRECATED_OBJC_IMPLEMENTATIONS = YES;
				CLANG_WARN_DIRECT_OBJC_ISA_USAGE = YES_ERROR;
				CLANG_WARN_DOCUMENTATION_COMMENTS = YES;
				CLANG_WARN_EMPTY_BODY = YES;
				CLANG_WARN_ENUM_CONVERSION = YES;
				CLANG_WARN_INFINITE_RECURSION = YES;
				CLANG_WARN_INT_CONVERSION = YES;
				CLANG_WARN_NON_LITERAL_NULL_CONVERSION = YES;
				CLANG_WARN_OBJC_IMPLICIT_RETAIN_SELF = YES;
				CLANG_WARN_OBJC_LITERAL_CONVERSION = YES;
				CLANG_WARN_OBJC_ROOT_CLASS = YES_ERROR;
				CLANG_WARN_RANGE_LOOP_ANALYSIS = YES;
				CLANG_WARN_STRICT_PROTOTYPES = YES;
				CLANG_WARN_SUSPICIOUS_MOVE = YES;
				CLANG_WARN_UNGUARDED_AVAILABILITY = YES_AGGRESSIVE;
				CLANG_WARN_UNREACHABLE_CODE = YES;
				CLANG_WARN__DUPLICATE_METHOD_MATCH = YES;
				CODE_SIGN_IDENTITY = "iPhone Developer";
				COPY_PHASE_STRIP = NO;
				DEBUG_INFORMATION_FORMAT = dwarf;
				ENABLE_STRICT_OBJC_MSGSEND = YES;
				ENABLE_TESTABILITY = YES;
				GCC_C_LANGUAGE_STANDARD = gnu11;
				GCC_DYNAMIC_NO_PIC = NO;
				GCC_NO_COMMON_BLOCKS = YES;
				GCC_OPTIMIZATION_LEVEL = 0;
				GCC_PREPROCESSOR_DEFINITIONS = (
					"DEBUG=1",
					"$(inherited)",
				);
				GCC_WARN_64_TO_32_BIT_CONVERSION = YES;
				GCC_WARN_ABOUT_RETURN_TYPE = YES_ERROR;
				GCC_WARN_UNDECLARED_SELECTOR = YES;
				GCC_WARN_UNINITIALIZED_AUTOS = YES_AGGRESSIVE;
				GCC_WARN_UNUSED_FUNCTION = YES;
				GCC_WARN_UNUSED_VARIABLE = YES;
				IPHONEOS_DEPLOYMENT_TARGET = 12.0;
				MTL_ENABLE_DEBUG_INFO = INCLUDE_SOURCE;
				MTL_FAST_MATH = YES;
				ONLY_ACTIVE_ARCH = YES;
				SDKROOT = iphoneos;
				SWIFT_ACTIVE_COMPILATION_CONDITIONS = DEBUG;
				SWIFT_OPTIMIZATION_LEVEL = "-Onone";
			};
			name = Debug;
		};
		EB009B6C22D622220053C784 /* Release */ = {
			isa = XCBuildConfiguration;
			buildSettings = {
				ALWAYS_SEARCH_USER_PATHS = NO;
				CLANG_ANALYZER_NONNULL = YES;
				CLANG_ANALYZER_NUMBER_OBJECT_CONVERSION = YES_AGGRESSIVE;
				CLANG_CXX_LANGUAGE_STANDARD = "gnu++14";
				CLANG_CXX_LIBRARY = "libc++";
				CLANG_ENABLE_MODULES = YES;
				CLANG_ENABLE_OBJC_ARC = YES;
				CLANG_ENABLE_OBJC_WEAK = YES;
				CLANG_WARN_BLOCK_CAPTURE_AUTORELEASING = YES;
				CLANG_WARN_BOOL_CONVERSION = YES;
				CLANG_WARN_COMMA = YES;
				CLANG_WARN_CONSTANT_CONVERSION = YES;
				CLANG_WARN_DEPRECATED_OBJC_IMPLEMENTATIONS = YES;
				CLANG_WARN_DIRECT_OBJC_ISA_USAGE = YES_ERROR;
				CLANG_WARN_DOCUMENTATION_COMMENTS = YES;
				CLANG_WARN_EMPTY_BODY = YES;
				CLANG_WARN_ENUM_CONVERSION = YES;
				CLANG_WARN_INFINITE_RECURSION = YES;
				CLANG_WARN_INT_CONVERSION = YES;
				CLANG_WARN_NON_LITERAL_NULL_CONVERSION = YES;
				CLANG_WARN_OBJC_IMPLICIT_RETAIN_SELF = YES;
				CLANG_WARN_OBJC_LITERAL_CONVERSION = YES;
				CLANG_WARN_OBJC_ROOT_CLASS = YES_ERROR;
				CLANG_WARN_RANGE_LOOP_ANALYSIS = YES;
				CLANG_WARN_STRICT_PROTOTYPES = YES;
				CLANG_WARN_SUSPICIOUS_MOVE = YES;
				CLANG_WARN_UNGUARDED_AVAILABILITY = YES_AGGRESSIVE;
				CLANG_WARN_UNREACHABLE_CODE = YES;
				CLANG_WARN__DUPLICATE_METHOD_MATCH = YES;
				CODE_SIGN_IDENTITY = "iPhone Developer";
				COPY_PHASE_STRIP = NO;
				DEBUG_INFORMATION_FORMAT = "dwarf-with-dsym";
				ENABLE_NS_ASSERTIONS = NO;
				ENABLE_STRICT_OBJC_MSGSEND = YES;
				GCC_C_LANGUAGE_STANDARD = gnu11;
				GCC_NO_COMMON_BLOCKS = YES;
				GCC_WARN_64_TO_32_BIT_CONVERSION = YES;
				GCC_WARN_ABOUT_RETURN_TYPE = YES_ERROR;
				GCC_WARN_UNDECLARED_SELECTOR = YES;
				GCC_WARN_UNINITIALIZED_AUTOS = YES_AGGRESSIVE;
				GCC_WARN_UNUSED_FUNCTION = YES;
				GCC_WARN_UNUSED_VARIABLE = YES;
				IPHONEOS_DEPLOYMENT_TARGET = 12.0;
				MTL_ENABLE_DEBUG_INFO = NO;
				MTL_FAST_MATH = YES;
				SDKROOT = iphoneos;
				SWIFT_COMPILATION_MODE = wholemodule;
				SWIFT_OPTIMIZATION_LEVEL = "-O";
				VALIDATE_PRODUCT = YES;
			};
			name = Release;
		};
		EB009B6E22D622220053C784 /* Debug */ = {
			isa = XCBuildConfiguration;
			buildSettings = {
				ASSETCATALOG_COMPILER_APPICON_NAME = AppIcon;
				CODE_SIGN_STYLE = Automatic;
				INFOPLIST_FILE = EmojiArt/Info.plist;
				LD_RUNPATH_SEARCH_PATHS = (
					"$(inherited)",
					"@executable_path/Frameworks",
				);
				PRODUCT_BUNDLE_IDENTIFIER = inovaeg.EmojiArt;
				PRODUCT_NAME = "$(TARGET_NAME)";
				SWIFT_VERSION = 4.2;
				TARGETED_DEVICE_FAMILY = "1,2";
			};
			name = Debug;
		};
		EB009B6F22D622220053C784 /* Release */ = {
			isa = XCBuildConfiguration;
			buildSettings = {
				ASSETCATALOG_COMPILER_APPICON_NAME = AppIcon;
				CODE_SIGN_STYLE = Automatic;
				INFOPLIST_FILE = EmojiArt/Info.plist;
				LD_RUNPATH_SEARCH_PATHS = (
					"$(inherited)",
					"@executable_path/Frameworks",
				);
				PRODUCT_BUNDLE_IDENTIFIER = inovaeg.EmojiArt;
				PRODUCT_NAME = "$(TARGET_NAME)";
				SWIFT_VERSION = 4.2;
				TARGETED_DEVICE_FAMILY = "1,2";
			};
			name = Release;
		};
/* End XCBuildConfiguration section */

/* Begin XCConfigurationList section */
		EB009B5622D622210053C784 /* Build configuration list for PBXProject "EmojiArt" */ = {
			isa = XCConfigurationList;
			buildConfigurations = (
				EB009B6B22D622220053C784 /* Debug */,
				EB009B6C22D622220053C784 /* Release */,
			);
			defaultConfigurationIsVisible = 0;
			defaultConfigurationName = Release;
		};
		EB009B6D22D622220053C784 /* Build configuration list for PBXNativeTarget "EmojiArt" */ = {
			isa = XCConfigurationList;
			buildConfigurations = (
				EB009B6E22D622220053C784 /* Debug */,
				EB009B6F22D622220053C784 /* Release */,
			);
			defaultConfigurationIsVisible = 0;
			defaultConfigurationName = Release;
		};
/* End XCConfigurationList section */
	};
	rootObject = EB009B5322D622210053C784 /* Project object */;
}
